<Solution>
  <Project Path="Buoi3/Buoi3_Bai1.csproj" />
  <Project Path="Buoi3_Bai2/Buoi3_Bai2.csproj" Id="848e7935-1fa8-4878-8536-ef0cd9f63c3f" />
  <Project Path="Buoi3_Bai3/Buoi3_Bai3.csproj" Id="74a426b6-a61c-4b35-ab47-b68509628ae7" />
  <Project Path="Buoi3_Bai4/Buoi3_Bai4.csproj" Id="3abd1275-283c-481f-a7a7-c03a48fbf609" />
</Solution>
